
Microsoft Visual Studio Solution File, Format Version 12.00
# Visual Studio Version 16
VisualStudioVersion = 16.0.31613.86
MinimumVisualStudioVersion = 10.0.40219.1
Project("{FAE04EC0-301F-11D3-BF4B-00C04F79EFBC}") = "trial_episerver", "trial_episerver\trial_episerver.csproj", "{612E9636-6BB6-4613-9D47-3C6E2F69BF92}"
EndProject
Global
	GlobalSection(SolutionConfigurationPlatforms) = preSolution
		Debug|Any CPU = Debug|Any CPU
		Release|Any CPU = Release|Any CPU
	EndGlobalSection
	GlobalSection(ProjectConfigurationPlatforms) = postSolution
		{612E9636-6BB6-4613-9D47-3C6E2F69BF92}.Debug|Any CPU.ActiveCfg = Debug|Any CPU
		{612E9636-6BB6-4613-9D47-3C6E2F69BF92}.Debug|Any CPU.Build.0 = Debug|Any CPU
		{612E9636-6BB6-4613-9D47-3C6E2F69BF92}.Release|Any CPU.ActiveCfg = Release|Any CPU
		{612E9636-6BB6-4613-9D47-3C6E2F69BF92}.Release|Any CPU.Build.0 = Release|Any CPU
	EndGlobalSection
	GlobalSection(SolutionProperties) = preSolution
		HideSolutionNode = FALSE
	EndGlobalSection
	GlobalSection(ExtensibilityGlobals) = postSolution
		SolutionGuid = {F1F2E503-7A98-4711-B82D-1A09BF442CB4}
	EndGlobalSection
EndGlobal
